{
    "_meta": {
        "hash": {
            "sha256": "0dff37d414421115d29832b119e41a191910c106c1f5aae197d26734622f25a4"
        },
        "pipfile-spec": 6,
        "requires": {
            "python_version": "3.7"
        },
        "sources": [
            {
                "name": "pypi",
                "url": "https://pypi.org/simple",
                "verify_ssl": true
            }
        ]
    },
    "default": {
        "click": {
            "hashes": [
                "sha256:7682dc8afb30297001674575ea00d1814d808d6a36af415a82bd481d37ba7b8e",
                "sha256:bb4d8133cb15a609f44e8213d9b391b0809795062913b383c62be0ee95b1db48"
            ],
            "index": "pypi",
            "version": "==8.1.3"
        },
        "colorama": {
            "hashes": [
                "sha256:5941b2b48a20143d2267e95b1c2a7603ce057ee39fd88e7329b0c292aa16869b",
                "sha256:9f47eda37229f68eee03b24b9748937c7dc3868f906e8ba69fbcbdd3bc5dc3e2"
            ],
            "markers": "platform_system == 'Windows'",
            "version": "==0.4.4"
        },
        "importlib-metadata": {
            "hashes": [
                "sha256:1208431ca90a8cca1a6b8af391bb53c1a2db74e5d1cef6ddced95d4b2062edc6",
                "sha256:ea4c597ebf37142f827b8f39299579e31685c31d3a438b59f469406afd0f2539"
            ],
            "markers": "python_version < '3.8'",
            "version": "==4.11.3"
        },
        "pygame": {
            "hashes": [
                "sha256:0427c103f741234336e5606d2fad86f5403c1a3d1dc55c309fbff3c984f0c9ae",
                "sha256:07ca9f683075aea9bd977af9f09a720ebf747343d3ea8103e4f1735283b02330",
                "sha256:0e06ae8e1c830f1b9c36a2bc6bb11de840232e95b78e2c349c6ed803a303be19",
                "sha256:0e97d38308c441942577fea7fcd1326308bc56d6be6c024218e94d075d322e0f",
                "sha256:119dee20c372c85dc47b717119534d15a60c64ceab8b0eb09278866d10486afe",
                "sha256:1219a963941bd53aa754e8449364c142004fe706c33a9c22ff2a76521a82d078",
                "sha256:1fddec8829e96424800c806582d73a5173b7d48946cccf7d035839ca09850db8",
                "sha256:20676da24e3e3e6b9fc4eecc7ba09d77ef46c3a83a028763ba1d222476c2e3fb",
                "sha256:2405414d8c572668e04739875661e030a0c588e197fa95463fe301c3d0a0510b",
                "sha256:24254c4244f0d9bdc904f5d3f38e86757ca4c6aa0e44a6d55ef5e016bc7274d6",
                "sha256:24b4f7f30fa2b3d092b60be6fcc725fb91d569fc87a9bcc91614ee8b0c005726",
                "sha256:3bb0674aa789848ddc264bfc60c54965bf3bb659c141de4f600e379acc9b944c",
                "sha256:3c8d6637ff75351e581327efefa9d04eeb0f257b533392b6cc6b15ceca4f7c5e",
                "sha256:40e4d8d65985bb467d9c5a1305fb53fd6820c61d764979600becab973339676f",
                "sha256:4aa3ae32320cc704d63e185864e44f6265c2a6e52c9384afe152cc3d51b3a2ef",
                "sha256:50d9a21edd551669862c27c9272747401b20b1939abaacb842c08ea1cdd1c04d",
                "sha256:5c7600bf307de1ca1dca0cc7840e34604d5b0b0a5a5dad345c3fa62b054b886d",
                "sha256:5d0c14152d0ca8ef5fbcc5ed9981462bdf59a9ae85a291e62d8a8d0b7e5cbe43",
                "sha256:5e88b0d4338b94960686f59396f23f7f684fed4859fcc3b9f40286d72c1c61af",
                "sha256:5ebbefb8b576572c8fc97a3321d37dc2b4afea6b6e3877a67f7158d8c2c4cefe",
                "sha256:636f51f56615d67459b11918206bb4da30cd7d7042027bf997c218ccd6c77902",
                "sha256:660c80c0b2e80f1f801715583b759fb4c7bc0c11eb3b534e89c9fc4bfbc38acd",
                "sha256:6ecda8dd4583982bb65f9c682f244a5e94524dcf628379766227e9ed97201a49",
                "sha256:754c2906f2ef47173a14493e1de116b2a56a2c8e1764f1202ba844d080248a5b",
                "sha256:7889dce887ec83c9a0bef8d9eb3669d8863fdaf37c45bacec707d8ad90b24a38",
                "sha256:7fdb93b4282962c9a2ebf1af994ee698be823dd913218ed97a5f2fb372b10b66",
                "sha256:8e87716114e97322fb177e223d889a4be369a0f73212f4f8507fe0cd43253b23",
                "sha256:93c4cbfc942dd00410eaa9e84252129f9f9993f37f683006d7b49ab245342254",
                "sha256:9649419254d3282dae41f23837de4108b17bc62187c3acd8af2ae3801b765cbd",
                "sha256:97a74ba186deee68318a52637012ef6abf5be6282c659e1d1ba6ad08cf35ec85",
                "sha256:9d6452419e01a0f848aed0597f69fd10a4c2a7750c15d1b0607f86090a39dcf3",
                "sha256:9d7b021b8dde5d528363e474bc18bd6f79a9666eef89fb4859bcb8f0a536c9de",
                "sha256:a0ccf8e3dce7ca67d523a6020b7e3dbf4b26797a9a8db5cc4c7b5ef20fb64701",
                "sha256:a56a811d8821f7b9a594e3d0e0dd8bd39b25e3eea8963d5963263b90fd2ea5c2",
                "sha256:c5ea87da5fe4b6164c3854f3b0c9146811dbad0dd7fa74297683dfacc485ae1c",
                "sha256:c99b95e62cdda29c2e60235d7763447c168a6a877403e6f9ca5b2e2bb297c2ce",
                "sha256:c9ce7f3d8af14d7e04eb7eb41c5e5313c43508c252bb2b9eb53e51fc87ada9fd",
                "sha256:ca5ef1315fa67c241a657ab077be44f230c05740c95f0b46409457dceefdc7e5",
                "sha256:d2d3c50ee9847b743db6cd7b1bb17a94c2c2abc16679d70f5e745cabdf19e655",
                "sha256:d6d0eca28f886f0477cd0721ac688189155a587f2bb8eae740e52ca56c3ad23c",
                "sha256:dad6bf3fdd3752d7519422f3732be779b98fe7c87d32c3efe2fdffdcbeebb6ca",
                "sha256:db2f40d5a75fd9cdda473c58b0d8b294da6e0179f00bb3b1fc2f7f29cac09bea",
                "sha256:dc4444d61d48c5546df5137cdf81554887ddb6e2ef1be7f51eb77ea3b6bdd56f",
                "sha256:dcc285ee1f1d0e2672cc52f880fd3f564b1505de710e817f692fbf64a72ca657",
                "sha256:dd528dbb91eca16f7522c975d0f9e94b95f6b5024c82c3247dc0383d242d33c6",
                "sha256:e09044e9e1aa8512d6a9c7ce5f94b881824bcfc401105f3c24f546dfc3bb4aa5",
                "sha256:e18c9466131378421d00fc40b637425229238d506a073d9c537b230b355a25d6",
                "sha256:e1bb25986db77a48f632469c6bc61baf7508ce945aa6161c02180d4ee5ac5b8d",
                "sha256:e4b4cd440d50a9f8551b8989e856aab175593af07eb825cad22fd2f8f6f2ffce",
                "sha256:e627300a66a90651fb39e41601d447b1fdbbfffca3f08ef0278d6cc0436b2160",
                "sha256:e7a8e18677e0064b7a422f6653a622652d932826a27e50f279d55a8b122a1a83",
                "sha256:e8632f6b2ddb90f6f3950744bd65d5ef15af615e3034057fa30ff836f48a7179",
                "sha256:ea36f4f93524554a35cac2359df63b50af6556ed866830aa1f07f0d8580280ea",
                "sha256:f149e182d0eeef15d8a9b4c9dad1b87dc6eba3a99bd3c44a777a3a2b053a3dca",
                "sha256:fc2e5db54491e8f27785fc5204c96f540d3557dcf5b0a9a857b6594d6b32561b",
                "sha256:fc30e834f65b893d1b4c230070183bf98e6b70c41c1511687e8436a33d5ce49d",
                "sha256:fcc9586e17875c0cdf8764597955f9daa979098fd4f80be07ed68276ac225480",
                "sha256:ff961c3280d6ee5f4163f4772f963d7a4dbe42e36c6dd54b79ad436c1f046e5d"
            ],
            "index": "pypi",
            "version": "==2.1.2"
        },
        "typing-extensions": {
            "hashes": [
                "sha256:6657594ee297170d19f67d55c05852a874e7eb634f4f753dbd667855e07c1708",
                "sha256:f1c24655a0da0d1b67f07e17a5e6b2a105894e6824b92096378bb3668ef02376"
            ],
            "markers": "python_version < '3.8'",
            "version": "==4.2.0"
        },
        "zipp": {
            "hashes": [
                "sha256:56bf8aadb83c24db6c4b577e13de374ccfb67da2078beba1d037c17980bf43ad",
                "sha256:c4f6e5bbf48e74f7a38e7cc5b0480ff42b0ae5178957d564d18932525d5cf099"
            ],
            "markers": "python_version >= '3.7'",
            "version": "==3.8.0"
        }
    },
    "develop": {
        "black": {
            "hashes": [
                "sha256:06f9d8846f2340dfac80ceb20200ea5d1b3f181dd0556b47af4e8e0b24fa0a6b",
                "sha256:10dbe6e6d2988049b4655b2b739f98785a884d4d6b85bc35133a8fb9a2233176",
                "sha256:2497f9c2386572e28921fa8bec7be3e51de6801f7459dffd6e62492531c47e09",
                "sha256:30d78ba6bf080eeaf0b7b875d924b15cd46fec5fd044ddfbad38c8ea9171043a",
                "sha256:328efc0cc70ccb23429d6be184a15ce613f676bdfc85e5fe8ea2a9354b4e9015",
                "sha256:35020b8886c022ced9282b51b5a875b6d1ab0c387b31a065b84db7c33085ca79",
                "sha256:5795a0375eb87bfe902e80e0c8cfaedf8af4d49694d69161e5bd3206c18618bb",
                "sha256:5891ef8abc06576985de8fa88e95ab70641de6c1fca97e2a15820a9b69e51b20",
                "sha256:637a4014c63fbf42a692d22b55d8ad6968a946b4a6ebc385c5505d9625b6a464",
                "sha256:67c8301ec94e3bcc8906740fe071391bce40a862b7be0b86fb5382beefecd968",
                "sha256:6d2fc92002d44746d3e7db7cf9313cf4452f43e9ea77a2c939defce3b10b5c82",
                "sha256:6ee227b696ca60dd1c507be80a6bc849a5a6ab57ac7352aad1ffec9e8b805f21",
                "sha256:863714200ada56cbc366dc9ae5291ceb936573155f8bf8e9de92aef51f3ad0f0",
                "sha256:9b542ced1ec0ceeff5b37d69838106a6348e60db7b8fdd245294dc1d26136265",
                "sha256:a6342964b43a99dbc72f72812bf88cad8f0217ae9acb47c0d4f141a6416d2d7b",
                "sha256:ad4efa5fad66b903b4a5f96d91461d90b9507a812b3c5de657d544215bb7877a",
                "sha256:bc58025940a896d7e5356952228b68f793cf5fcb342be703c3a2669a1488cb72",
                "sha256:cc1e1de68c8e5444e8f94c3670bb48a2beef0e91dddfd4fcc29595ebd90bb9ce",
                "sha256:cee3e11161dde1b2a33a904b850b0899e0424cc331b7295f2a9698e79f9a69a0",
                "sha256:e3556168e2e5c49629f7b0f377070240bd5511e45e25a4497bb0073d9dda776a",
                "sha256:e8477ec6bbfe0312c128e74644ac8a02ca06bcdb8982d4ee06f209be28cdf163",
                "sha256:ee8f1f7228cce7dffc2b464f07ce769f478968bfb3dd1254a4c2eeed84928aad",
                "sha256:fd57160949179ec517d32ac2ac898b5f20d68ed1a9c977346efbac9c2f1e779d"
            ],
            "index": "pypi",
            "version": "==22.3.0"
        },
        "click": {
            "hashes": [
                "sha256:7682dc8afb30297001674575ea00d1814d808d6a36af415a82bd481d37ba7b8e",
                "sha256:bb4d8133cb15a609f44e8213d9b391b0809795062913b383c62be0ee95b1db48"
            ],
            "index": "pypi",
            "version": "==8.1.3"
        },
        "colorama": {
            "hashes": [
                "sha256:5941b2b48a20143d2267e95b1c2a7603ce057ee39fd88e7329b0c292aa16869b",
                "sha256:9f47eda37229f68eee03b24b9748937c7dc3868f906e8ba69fbcbdd3bc5dc3e2"
            ],
            "markers": "platform_system == 'Windows'",
            "version": "==0.4.4"
        },
        "importlib-metadata": {
            "hashes": [
                "sha256:1208431ca90a8cca1a6b8af391bb53c1a2db74e5d1cef6ddced95d4b2062edc6",
                "sha256:ea4c597ebf37142f827b8f39299579e31685c31d3a438b59f469406afd0f2539"
            ],
            "markers": "python_version < '3.8'",
            "version": "==4.11.3"
        },
        "mypy-extensions": {
            "hashes": [
                "sha256:090fedd75945a69ae91ce1303b5824f428daf5a028d2f6ab8a299250a846f15d",
                "sha256:2d82818f5bb3e369420cb3c4060a7970edba416647068eb4c5343488a6c604a8"
            ],
            "version": "==0.4.3"
        },
        "pathspec": {
            "hashes": [
                "sha256:7d15c4ddb0b5c802d161efc417ec1a2558ea2653c2e8ad9c19098201dc1c993a",
                "sha256:e564499435a2673d586f6b2130bb5b95f04a3ba06f81b8f895b651a3c76aabb1"
            ],
            "version": "==0.9.0"
        },
        "platformdirs": {
            "hashes": [
                "sha256:027d8e83a2d7de06bbac4e5ef7e023c02b863d7ea5d079477e722bb41ab25788",
                "sha256:58c8abb07dcb441e6ee4b11d8df0ac856038f944ab98b7be6b27b2a3c7feef19"
            ],
            "markers": "python_version >= '3.7'",
            "version": "==2.5.2"
        },
        "tomli": {
            "hashes": [
                "sha256:939de3e7a6161af0c887ef91b7d41a53e7c5a1ca976325f429cb46ea9bc30ecc",
                "sha256:de526c12914f0c550d15924c62d72abc48d6fe7364aa87328337a31007fe8a4f"
            ],
            "markers": "python_version < '3.11'",
            "version": "==2.0.1"
        },
        "typed-ast": {
            "hashes": [
                "sha256:20d5118e494478ef2d3a2702d964dae830aedd7b4d3b626d003eea526be18718",
                "sha256:27e46cdd01d6c3a0dd8f728b6a938a6751f7bd324817501c15fb056307f918c6",
                "sha256:27f25232e2dd0edfe1f019d6bfaaf11e86e657d9bdb7b0956db95f560cceb2b3",
                "sha256:3042bfc9ca118712c9809201f55355479cfcdc17449f9f8db5e744e9625c6805",
                "sha256:37e5349d1d5de2f4763d534ccb26809d1c24b180a477659a12c4bde9dd677d74",
                "sha256:4fff9fdcce59dc61ec1b317bdb319f8f4e6b69ebbe61193ae0a60c5f9333dc49",
                "sha256:542cd732351ba8235f20faa0fc7398946fe1a57f2cdb289e5497e1e7f48cfedb",
                "sha256:5dc2c11ae59003d4a26dda637222d9ae924387f96acae9492df663843aefad55",
                "sha256:8831479695eadc8b5ffed06fdfb3e424adc37962a75925668deeb503f446c0a3",
                "sha256:8cdf91b0c466a6c43f36c1964772918a2c04cfa83df8001ff32a89e357f8eb06",
                "sha256:8e0b8528838ffd426fea8d18bde4c73bcb4167218998cc8b9ee0a0f2bfe678a6",
                "sha256:8ef1d96ad05a291f5c36895d86d1375c0ee70595b90f6bb5f5fdbee749b146db",
                "sha256:9ad3b48cf2b487be140072fb86feff36801487d4abb7382bb1929aaac80638ea",
                "sha256:9cc9e1457e1feb06b075c8ef8aeb046a28ec351b1958b42c7c31c989c841403a",
                "sha256:9e237e74fd321a55c90eee9bc5d44be976979ad38a29bbd734148295c1ce7617",
                "sha256:c9f1a27592fac87daa4e3f16538713d705599b0a27dfe25518b80b6b017f0a6d",
                "sha256:d64dabc6336ddc10373922a146fa2256043b3b43e61f28961caec2a5207c56d5",
                "sha256:e20d196815eeffb3d76b75223e8ffed124e65ee62097e4e73afb5fec6b993e7a",
                "sha256:e34f9b9e61333ecb0f7d79c21c28aa5cd63bec15cb7e1310d7d3da6ce886bc9b",
                "sha256:ed44e81517364cb5ba367e4f68fca01fba42a7a4690d40c07886586ac267d9b9",
                "sha256:ee852185964744987609b40aee1d2eb81502ae63ee8eef614558f96a56c1902d",
                "sha256:f60d9de0d087454c91b3999a296d0c4558c1666771e3460621875021bf899af9",
                "sha256:f818c5b81966d4728fec14caa338e30a70dfc3da577984d38f97816c4b3071ec",
                "sha256:fd5df1313915dbd70eaaa88c19030b441742e8b05e6103c631c83b75e0435ccc"
            ],
            "markers": "python_version < '3.8' and implementation_name == 'cpython'",
            "version": "==1.5.3"
        },
        "typing-extensions": {
            "hashes": [
                "sha256:6657594ee297170d19f67d55c05852a874e7eb634f4f753dbd667855e07c1708",
                "sha256:f1c24655a0da0d1b67f07e17a5e6b2a105894e6824b92096378bb3668ef02376"
            ],
            "markers": "python_version < '3.8'",
            "version": "==4.2.0"
        },
        "zipp": {
            "hashes": [
                "sha256:56bf8aadb83c24db6c4b577e13de374ccfb67da2078beba1d037c17980bf43ad",
                "sha256:c4f6e5bbf48e74f7a38e7cc5b0480ff42b0ae5178957d564d18932525d5cf099"
            ],
            "markers": "python_version >= '3.7'",
            "version": "==3.8.0"
        }
    }
}
